
Microsoft Visual Studio Solution File, Format Version 12.00
# Visual Studio 15
VisualStudioVersion = 15.0.28307.168
MinimumVisualStudioVersion = 10.0.40219.1
Project("{8BC9CEB8-8B4A-11D0-8D11-00A0C91BC942}") = "DecouplingObjectsConvexHull2D", "DecouplingObjectsConvexHull2D.vcxproj", "{6232F365-1E12-412A-8226-FC0C8401B176}"
EndProject
Global
	GlobalSection(SolutionConfigurationPlatforms) = preSolution
		Debug|x86 = Debug|x86
		Release|x86 = Release|x86
	EndGlobalSection
	GlobalSection(ProjectConfigurationPlatforms) = postSolution
		{6232F365-1E12-412A-8226-FC0C8401B176}.Debug|x64.ActiveCfg = Debug|x64
		{6232F365-1E12-412A-8226-FC0C8401B176}.Debug|x64.Build.0 = Debug|x64
		{6232F365-1E12-412A-8226-FC0C8401B176}.Debug|x86.ActiveCfg = Debug|Win32
		{6232F365-1E12-412A-8226-FC0C8401B176}.Debug|x86.Build.0 = Debug|Win32
		{6232F365-1E12-412A-8226-FC0C8401B176}.Release|x64.ActiveCfg = Release|x64
		{6232F365-1E12-412A-8226-FC0C8401B176}.Release|x64.Build.0 = Release|x64
		{6232F365-1E12-412A-8226-FC0C8401B176}.Release|x86.ActiveCfg = Release|Win32
		{6232F365-1E12-412A-8226-FC0C8401B176}.Release|x86.Build.0 = Release|Win32
	EndGlobalSection
	GlobalSection(SolutionProperties) = preSolution
		HideSolutionNode = FALSE
	EndGlobalSection
	GlobalSection(ExtensibilityGlobals) = postSolution
		SolutionGuid = {7F1F9AD7-BD9E-4168-A72F-65DF8A11FC38}
	EndGlobalSection
EndGlobal
